
Microsoft Visual Studio Solution File, Format Version 12.00
# Visual Studio 2012
Project("{FAE04EC0-301F-11D3-BF4B-00C04F79EFBC}") = "SimioREPL", "WpfApplication1\SimioREPL.csproj", "{0A86936A-CFB4-473F-BCBA-6878784A9179}"
EndProject
Global
	GlobalSection(TeamFoundationVersionControl) = preSolution
		SccNumberOfProjects = 2
		SccEnterpriseProvider = {4CA58AB2-18FA-4F8D-95D4-32DDF27D184C}
		SccTeamFoundationServer = https://simulizer.tfspreview.com/defaultcollection
		SccProjectUniqueName0 = WpfApplication1\\SimioREPL.csproj
		SccProjectName0 = WpfApplication1
		SccLocalPath0 = WpfApplication1
		SccLocalPath1 = .
	EndGlobalSection
	GlobalSection(SolutionConfigurationPlatforms) = preSolution
		Debug|Any CPU = Debug|Any CPU
		Release|Any CPU = Release|Any CPU
	EndGlobalSection
	GlobalSection(ProjectConfigurationPlatforms) = postSolution
		{0A86936A-CFB4-473F-BCBA-6878784A9179}.Debug|Any CPU.ActiveCfg = Debug|Any CPU
		{0A86936A-CFB4-473F-BCBA-6878784A9179}.Debug|Any CPU.Build.0 = Debug|Any CPU
		{0A86936A-CFB4-473F-BCBA-6878784A9179}.Release|Any CPU.ActiveCfg = Release|Any CPU
		{0A86936A-CFB4-473F-BCBA-6878784A9179}.Release|Any CPU.Build.0 = Release|Any CPU
	EndGlobalSection
	GlobalSection(SolutionProperties) = preSolution
		HideSolutionNode = FALSE
	EndGlobalSection
EndGlobal
